github.com/klauspost/cpuid/v2 v2.0.9/go.mod h1:FInQzS24/EEf25PyTYn52gqo7WaD8xa0213Md/qVLRg=
github.com/klauspost/cpuid/v2 v2.0.12 h1:p9dKCg8i4gmOxtv35DvrYoWqYzQrvEVdjQ762Y0OqZE=
github.com/klauspost/cpuid/v2 v2.0.12/go.mod h1:g2LTdtYhdyuGPqyWyv7qRAmj1WBqxuObKfj5c0PQa7c=
github.com/sagernet/sing v0.0.0-20220629043543-849d16c37bbb h1:uWSKHyuyi8wIyVDzIvaOqck3yT0gIWonW8JQNRCg8Ok=
github.com/sagernet/sing v0.0.0-20220629043543-849d16c37bbb/go.mod h1:lR0Mc9cBSAgFLGgXWtj5D1X191KeQ/S+LHOhRhuINBo=
golang.org/x/crypto v0.0.0-20220622213112-05595931fe9d h1:sK3txAijHtOK88l68nt020reeT1ZdKLIYetKl95FzVY=
golang.org/x/crypto v0.0.0-20220622213112-05595931fe9d/go.mod h1:IxCIyHEi3zRg3s0A5j5BB6A9Jmi73HwBIUl50j+osU4=
golang.org/x/sys v0.0.0-20220627191245-f75cf1eec38b h1:2n253B2r0pYSmEV+UNCQoPfU/FiaizQEK5Gu4Bq4JE8=
golang.org/x/sys v0.0.0-20220627191245-f75cf1eec38b/go.mod h1:oPkhp1MJrh7nUepCBck5+mAzfO9JrbApNNgaTdGDITg=
lukechampine.com/blake3 v1.1.7 h1:GgRMhmdsuK8+ii6UZFDL8Nb+VyMwadAgcJyfYHxG6n0=
lukechampine.com/blake3 v1.1.7/go.mod h1:tkKEOtDkNtklkXtLNEOGNq5tcV90tJiA1vAA12R78LA=
