github.com/dgryski/go-camellia v0.0.0-20191119043421-69a8a13fb23d h1:CPqTNIigGweVPT4CYb+OO2E6XyRKFOmvTHwWRLgCAlE=
github.com/dgryski/go-camellia v0.0.0-20191119043421-69a8a13fb23d/go.mod h1:QX5ZVULjAfZJux/W62Y91HvCh9hyW6enAwcrrv/sLj0=
github.com/klauspost/cpuid/v2 v2.0.9/go.mod h1:FInQzS24/EEf25PyTYn52gqo7WaD8xa0213Md/qVLRg=
github.com/klauspost/cpuid/v2 v2.0.12 h1:p9dKCg8i4gmOxtv35DvrYoWqYzQrvEVdjQ762Y0OqZE=
github.com/klauspost/cpuid/v2 v2.0.12/go.mod h1:g2LTdtYhdyuGPqyWyv7qRAmj1WBqxuObKfj5c0PQa7c=
github.com/sagernet/sing v0.0.0-20220525062603-53c607b13ff2 h1:x7E53uloX7pU3rWOzb81IBCAmwMtE2u9x4ZJvJXaCnM=
github.com/sagernet/sing v0.0.0-20220525062603-53c607b13ff2/go.mod h1:w2HnJzXKHpD6F5Z/9XlSD4qbcpHY2RSZuQnFzqgELMg=
github.com/sagernet/sing v0.0.0-20220525123305-5b49366f6e34 h1:/FfHfteLZo5mOtZbYOx/9ymDEYxlwBuM5iHO9reVe/E=
github.com/sagernet/sing v0.0.0-20220525123305-5b49366f6e34/go.mod h1:w2HnJzXKHpD6F5Z/9XlSD4qbcpHY2RSZuQnFzqgELMg=
golang.org/x/crypto v0.0.0-20220518034528-6f7dac969898 h1:SLP7Q4Di66FONjDJbCYrCRrh97focO6sLogHO7/g8F0=
golang.org/x/crypto v0.0.0-20220518034528-6f7dac969898/go.mod h1:IxCIyHEi3zRg3s0A5j5BB6A9Jmi73HwBIUl50j+osU4=
golang.org/x/sys v0.0.0-20220520151302-bc2c85ada10a h1:dGzPydgVsqGcTRVwiLJ1jVbufYwmzD3LfVPLKsKg+0k=
golang.org/x/sys v0.0.0-20220520151302-bc2c85ada10a/go.mod h1:oPkhp1MJrh7nUepCBck5+mAzfO9JrbApNNgaTdGDITg=
golang.zx2c4.com/wireguard v0.0.0-20220407013110-ef5c587f782d h1:q4JksJ2n0fmbXC0Aj0eOs6E0AcPqnKglxWXWFqGD6x0=
golang.zx2c4.com/wireguard v0.0.0-20220407013110-ef5c587f782d/go.mod h1:bVQfyl2sCM/QIIGHpWbFGfHPuDvqnCNkT6MQLTCjO/U=
lukechampine.com/blake3 v1.1.7 h1:GgRMhmdsuK8+ii6UZFDL8Nb+VyMwadAgcJyfYHxG6n0=
lukechampine.com/blake3 v1.1.7/go.mod h1:tkKEOtDkNtklkXtLNEOGNq5tcV90tJiA1vAA12R78LA=
